// !$*UTF8*$!
{
	archiveVersion = 1;
	classes = {
	};
	objectVersion = 48;
	objects = {

/* Begin PBXBuildFile section */
		1250B964204768F6321708E5 /* Pods_SwiftWeibo.framework in Frameworks */ = {isa = PBXBuildFile; fileRef = 923EDEA28F946FC73E0ECD41 /* Pods_SwiftWeibo.framework */; };
		53657CC820ECC7C40016363A /* MainVCSettings.json in Resources */ = {isa = PBXBuildFile; fileRef = 53657CC720ECC7C40016363A /* MainVCSettings.json */; };
		53657CD320EE05D60016363A /* Main.storyboard in Resources */ = {isa = PBXBuildFile; fileRef = 53657CD220EE05D60016363A /* Main.storyboard */; };
		53657CD520EE0B280016363A /* Home.storyboard in Resources */ = {isa = PBXBuildFile; fileRef = 53657CD420EE0B280016363A /* Home.storyboard */; };
		53657CD720EE0B440016363A /* Message.storyboard in Resources */ = {isa = PBXBuildFile; fileRef = 53657CD620EE0B440016363A /* Message.storyboard */; };
		53657CD920EE0B5F0016363A /* Discovery.storyboard in Resources */ = {isa = PBXBuildFile; fileRef = 53657CD820EE0B5F0016363A /* Discovery.storyboard */; };
		53657CDB20EE0B8E0016363A /* Me.storyboard in Resources */ = {isa = PBXBuildFile; fileRef = 53657CDA20EE0B8E0016363A /* Me.storyboard */; };
		53657CDD20EE10230016363A /* Add.storyboard in Resources */ = {isa = PBXBuildFile; fileRef = 53657CDC20EE10230016363A /* Add.storyboard */; };
		538D7E0C20EF63BD0058C9A4 /* UIButton + Extension.swift in Sources */ = {isa = PBXBuildFile; fileRef = 538D7E0B20EF63BD0058C9A4 /* UIButton + Extension.swift */; };
		538D7E1120F244840058C9A4 /* BaseViewController.swift in Sources */ = {isa = PBXBuildFile; fileRef = 538D7E1020F244840058C9A4 /* BaseViewController.swift */; };
		538D7E1520F247F30058C9A4 /* VisitorView.xib in Resources */ = {isa = PBXBuildFile; fileRef = 538D7E1420F247F30058C9A4 /* VisitorView.xib */; };
		538D7E1720F2496E0058C9A4 /* VisitorView.swift in Sources */ = {isa = PBXBuildFile; fileRef = 538D7E1620F2496E0058C9A4 /* VisitorView.swift */; };
		538D7E1C20F743D20058C9A4 /* UIBarButtonItem + Extension.swift in Sources */ = {isa = PBXBuildFile; fileRef = 538D7E1B20F743D20058C9A4 /* UIBarButtonItem + Extension.swift */; };
		538D7E1E20F747430058C9A4 /* TitleButton.swift in Sources */ = {isa = PBXBuildFile; fileRef = 538D7E1D20F747430058C9A4 /* TitleButton.swift */; };
		538D7E2120F88A440058C9A4 /* PopoverViewController.swift in Sources */ = {isa = PBXBuildFile; fileRef = 538D7E1F20F88A440058C9A4 /* PopoverViewController.swift */; };
		538D7E2220F88A440058C9A4 /* PopoverViewController.xib in Resources */ = {isa = PBXBuildFile; fileRef = 538D7E2020F88A440058C9A4 /* PopoverViewController.xib */; };
		538D7E2420F8A2010058C9A4 /* PresentationController.swift in Sources */ = {isa = PBXBuildFile; fileRef = 538D7E2320F8A2010058C9A4 /* PresentationController.swift */; };
		53DFEF52205A4ED1002D9BB0 /* MainViewController.swift in Sources */ = {isa = PBXBuildFile; fileRef = 53DFEF51205A4ED1002D9BB0 /* MainViewController.swift */; };
		53DFEF54205A4EEE002D9BB0 /* HomeTableViewController.swift in Sources */ = {isa = PBXBuildFile; fileRef = 53DFEF53205A4EEE002D9BB0 /* HomeTableViewController.swift */; };
		53DFEF56205A4F25002D9BB0 /* DiscoverTableViewController.swift in Sources */ = {isa = PBXBuildFile; fileRef = 53DFEF55205A4F25002D9BB0 /* DiscoverTableViewController.swift */; };
		53DFEF58205A4F34002D9BB0 /* MessageTableViewController.swift in Sources */ = {isa = PBXBuildFile; fileRef = 53DFEF57205A4F34002D9BB0 /* MessageTableViewController.swift */; };
		53DFEF5A205A4F40002D9BB0 /* ProfileTableViewController.swift in Sources */ = {isa = PBXBuildFile; fileRef = 53DFEF59205A4F40002D9BB0 /* ProfileTableViewController.swift */; };
		53F8A84D2059249E00EB13A4 /* AppDelegate.swift in Sources */ = {isa = PBXBuildFile; fileRef = 53F8A84C2059249E00EB13A4 /* AppDelegate.swift */; };
		53F8A8542059249E00EB13A4 /* Assets.xcassets in Resources */ = {isa = PBXBuildFile; fileRef = 53F8A8532059249E00EB13A4 /* Assets.xcassets */; };
		53F8A8622059249E00EB13A4 /* SwiftWeiboTests.swift in Sources */ = {isa = PBXBuildFile; fileRef = 53F8A8612059249E00EB13A4 /* SwiftWeiboTests.swift */; };
		53F8A86D2059249E00EB13A4 /* SwiftWeiboUITests.swift in Sources */ = {isa = PBXBuildFile; fileRef = 53F8A86C2059249E00EB13A4 /* SwiftWeiboUITests.swift */; };
/* End PBXBuildFile section */

/* Begin PBXContainerItemProxy section */
		53F8A85E2059249E00EB13A4 /* PBXContainerItemProxy */ = {
			isa = PBXContainerItemProxy;
			containerPortal = 53F8A8412059249D00EB13A4 /* Project object */;
			proxyType = 1;
			remoteGlobalIDString = 53F8A8482059249D00EB13A4;
			remoteInfo = SwiftWeibo;
		};
		53F8A8692059249E00EB13A4 /* PBXContainerItemProxy */ = {
			isa = PBXContainerItemProxy;
			containerPortal = 53F8A8412059249D00EB13A4 /* Project object */;
			proxyType = 1;
			remoteGlobalIDString = 53F8A8482059249D00EB13A4;
			remoteInfo = SwiftWeibo;
		};
/* End PBXContainerItemProxy section */

/* Begin PBXFileReference section */
		0AB1A05C53A84631477DA695 /* Pods-SwiftWeibo.release.xcconfig */ = {isa = PBXFileReference; includeInIndex = 1; lastKnownFileType = text.xcconfig; name = "Pods-SwiftWeibo.release.xcconfig"; path = "../Pods/Target Support Files/Pods-SwiftWeibo/Pods-SwiftWeibo.release.xcconfig"; sourceTree = "<group>"; };
		53657CC720ECC7C40016363A /* MainVCSettings.json */ = {isa = PBXFileReference; fileEncoding = 4; lastKnownFileType = text.json; path = MainVCSettings.json; sourceTree = "<group>"; };
		53657CD220EE05D60016363A /* Main.storyboard */ = {isa = PBXFileReference; lastKnownFileType = file.storyboard; path = Main.storyboard; sourceTree = "<group>"; };
		53657CD420EE0B280016363A /* Home.storyboard */ = {isa = PBXFileReference; fileEncoding = 4; lastKnownFileType = file.storyboard; path = Home.storyboard; sourceTree = "<group>"; };
		53657CD620EE0B440016363A /* Message.storyboard */ = {isa = PBXFileReference; fileEncoding = 4; lastKnownFileType = file.storyboard; path = Message.storyboard; sourceTree = "<group>"; };
		53657CD820EE0B5F0016363A /* Discovery.storyboard */ = {isa = PBXFileReference; fileEncoding = 4; lastKnownFileType = file.storyboard; path = Discovery.storyboard; sourceTree = "<group>"; };
		53657CDA20EE0B8E0016363A /* Me.storyboard */ = {isa = PBXFileReference; fileEncoding = 4; lastKnownFileType = file.storyboard; path = Me.storyboard; sourceTree = "<group>"; };
		53657CDC20EE10230016363A /* Add.storyboard */ = {isa = PBXFileReference; fileEncoding = 4; lastKnownFileType = file.storyboard; path = Add.storyboard; sourceTree = "<group>"; };
		538D7E0B20EF63BD0058C9A4 /* UIButton + Extension.swift */ = {isa = PBXFileReference; lastKnownFileType = sourcecode.swift; path = "UIButton + Extension.swift"; sourceTree = "<group>"; };
		538D7E1020F244840058C9A4 /* BaseViewController.swift */ = {isa = PBXFileReference; lastKnownFileType = sourcecode.swift; path = BaseViewController.swift; sourceTree = "<group>"; };
		538D7E1420F247F30058C9A4 /* VisitorView.xib */ = {isa = PBXFileReference; lastKnownFileType = file.xib; path = VisitorView.xib; sourceTree = "<group>"; };
		538D7E1620F2496E0058C9A4 /* VisitorView.swift */ = {isa = PBXFileReference; lastKnownFileType = sourcecode.swift; path = VisitorView.swift; sourceTree = "<group>"; };
		538D7E1B20F743D20058C9A4 /* UIBarButtonItem + Extension.swift */ = {isa = PBXFileReference; lastKnownFileType = sourcecode.swift; path = "UIBarButtonItem + Extension.swift"; sourceTree = "<group>"; };
		538D7E1D20F747430058C9A4 /* TitleButton.swift */ = {isa = PBXFileReference; lastKnownFileType = sourcecode.swift; path = TitleButton.swift; sourceTree = "<group>"; };
		538D7E1F20F88A440058C9A4 /* PopoverViewController.swift */ = {isa = PBXFileReference; lastKnownFileType = sourcecode.swift; path = PopoverViewController.swift; sourceTree = "<group>"; };
		538D7E2020F88A440058C9A4 /* PopoverViewController.xib */ = {isa = PBXFileReference; lastKnownFileType = file.xib; path = PopoverViewController.xib; sourceTree = "<group>"; };
		538D7E2320F8A2010058C9A4 /* PresentationController.swift */ = {isa = PBXFileReference; lastKnownFileType = sourcecode.swift; path = PresentationController.swift; sourceTree = "<group>"; };
		53DFEF51205A4ED1002D9BB0 /* MainViewController.swift */ = {isa = PBXFileReference; lastKnownFileType = sourcecode.swift; path = MainViewController.swift; sourceTree = "<group>"; };
		53DFEF53205A4EEE002D9BB0 /* HomeTableViewController.swift */ = {isa = PBXFileReference; lastKnownFileType = sourcecode.swift; path = HomeTableViewController.swift; sourceTree = "<group>"; };
		53DFEF55205A4F25002D9BB0 /* DiscoverTableViewController.swift */ = {isa = PBXFileReference; lastKnownFileType = sourcecode.swift; path = DiscoverTableViewController.swift; sourceTree = "<group>"; };
		53DFEF57205A4F34002D9BB0 /* MessageTableViewController.swift */ = {isa = PBXFileReference; lastKnownFileType = sourcecode.swift; path = MessageTableViewController.swift; sourceTree = "<group>"; };
		53DFEF59205A4F40002D9BB0 /* ProfileTableViewController.swift */ = {isa = PBXFileReference; lastKnownFileType = sourcecode.swift; path = ProfileTableViewController.swift; sourceTree = "<group>"; };
		53F8A8492059249D00EB13A4 /* 新浪微博.app */ = {isa = PBXFileReference; explicitFileType = wrapper.application; includeInIndex = 0; path = "新浪微博.app"; sourceTree = BUILT_PRODUCTS_DIR; };
		53F8A84C2059249E00EB13A4 /* AppDelegate.swift */ = {isa = PBXFileReference; lastKnownFileType = sourcecode.swift; path = AppDelegate.swift; sourceTree = "<group>"; };
		53F8A8532059249E00EB13A4 /* Assets.xcassets */ = {isa = PBXFileReference; lastKnownFileType = folder.assetcatalog; path = Assets.xcassets; sourceTree = "<group>"; };
		53F8A8582059249E00EB13A4 /* Info.plist */ = {isa = PBXFileReference; lastKnownFileType = text.plist.xml; path = Info.plist; sourceTree = "<group>"; };
		53F8A85D2059249E00EB13A4 /* SwiftWeiboTests.xctest */ = {isa = PBXFileReference; explicitFileType = wrapper.cfbundle; includeInIndex = 0; path = SwiftWeiboTests.xctest; sourceTree = BUILT_PRODUCTS_DIR; };
		53F8A8612059249E00EB13A4 /* SwiftWeiboTests.swift */ = {isa = PBXFileReference; lastKnownFileType = sourcecode.swift; path = SwiftWeiboTests.swift; sourceTree = "<group>"; };
		53F8A8632059249E00EB13A4 /* Info.plist */ = {isa = PBXFileReference; lastKnownFileType = text.plist.xml; path = Info.plist; sourceTree = "<group>"; };
		53F8A8682059249E00EB13A4 /* SwiftWeiboUITests.xctest */ = {isa = PBXFileReference; explicitFileType = wrapper.cfbundle; includeInIndex = 0; path = SwiftWeiboUITests.xctest; sourceTree = BUILT_PRODUCTS_DIR; };
		53F8A86C2059249E00EB13A4 /* SwiftWeiboUITests.swift */ = {isa = PBXFileReference; lastKnownFileType = sourcecode.swift; path = SwiftWeiboUITests.swift; sourceTree = "<group>"; };
		53F8A86E2059249E00EB13A4 /* Info.plist */ = {isa = PBXFileReference; lastKnownFileType = text.plist.xml; path = Info.plist; sourceTree = "<group>"; };
		7874AD405D8BEC4BEC2E2AA3 /* Pods-SwiftWeibo.debug.xcconfig */ = {isa = PBXFileReference; includeInIndex = 1; lastKnownFileType = text.xcconfig; name = "Pods-SwiftWeibo.debug.xcconfig"; path = "../Pods/Target Support Files/Pods-SwiftWeibo/Pods-SwiftWeibo.debug.xcconfig"; sourceTree = "<group>"; };
		923EDEA28F946FC73E0ECD41 /* Pods_SwiftWeibo.framework */ = {isa = PBXFileReference; explicitFileType = wrapper.framework; includeInIndex = 0; path = Pods_SwiftWeibo.framework; sourceTree = BUILT_PRODUCTS_DIR; };
/* End PBXFileReference section */

/* Begin PBXFrameworksBuildPhase section */
		53F8A8462059249D00EB13A4 /* Frameworks */ = {
			isa = PBXFrameworksBuildPhase;
			buildActionMask = 2147483647;
			files = (
				1250B964204768F6321708E5 /* Pods_SwiftWeibo.framework in Frameworks */,
			);
			runOnlyForDeploymentPostprocessing = 0;
		};
		53F8A85A2059249E00EB13A4 /* Frameworks */ = {
			isa = PBXFrameworksBuildPhase;
			buildActionMask = 2147483647;
			files = (
			);
			runOnlyForDeploymentPostprocessing = 0;
		};
		53F8A8652059249E00EB13A4 /* Frameworks */ = {
			isa = PBXFrameworksBuildPhase;
			buildActionMask = 2147483647;
			files = (
			);
			runOnlyForDeploymentPostprocessing = 0;
		};
/* End PBXFrameworksBuildPhase section */

/* Begin PBXGroup section */
		1BB34E5613D8227D8DF696EC /* Frameworks */ = {
			isa = PBXGroup;
			children = (
				923EDEA28F946FC73E0ECD41 /* Pods_SwiftWeibo.framework */,
			);
			name = Frameworks;
			sourceTree = "<group>";
		};
		53657CD120EE05A40016363A /* Storyboard */ = {
			isa = PBXGroup;
			children = (
				53657CD220EE05D60016363A /* Main.storyboard */,
				53657CDC20EE10230016363A /* Add.storyboard */,
				53657CDA20EE0B8E0016363A /* Me.storyboard */,
				53657CD820EE0B5F0016363A /* Discovery.storyboard */,
				53657CD620EE0B440016363A /* Message.storyboard */,
				53657CD420EE0B280016363A /* Home.storyboard */,
			);
			path = Storyboard;
			sourceTree = "<group>";
		};
		538D7E0D20F10C8C0058C9A4 /* vistor */ = {
			isa = PBXGroup;
			children = (
				538D7E1020F244840058C9A4 /* BaseViewController.swift */,
				538D7E1620F2496E0058C9A4 /* VisitorView.swift */,
				538D7E1420F247F30058C9A4 /* VisitorView.xib */,
			);
			path = vistor;
			sourceTree = "<group>";
		};
		538D7E1820F741AC0058C9A4 /* category */ = {
			isa = PBXGroup;
			children = (
				538D7E0B20EF63BD0058C9A4 /* UIButton + Extension.swift */,
				538D7E1B20F743D20058C9A4 /* UIBarButtonItem + Extension.swift */,
			);
			path = category;
			sourceTree = "<group>";
		};
		53DFEF49205A4DE5002D9BB0 /* Classes */ = {
			isa = PBXGroup;
			children = (
				53DFEF50205A4DE5002D9BB0 /* Main */,
				53DFEF4A205A4DE5002D9BB0 /* Home */,
				53DFEF4C205A4DE5002D9BB0 /* Discover */,
				53DFEF4E205A4DE5002D9BB0 /* Message */,
				53DFEF4F205A4DE5002D9BB0 /* Profile */,
				53DFEF4B205A4DE5002D9BB0 /* Tools */,
				53DFEF4D205A4DE5002D9BB0 /* Compose */,
			);
			path = Classes;
			sourceTree = "<group>";
		};
		53DFEF4A205A4DE5002D9BB0 /* Home */ = {
			isa = PBXGroup;
			children = (
				53DFEF53205A4EEE002D9BB0 /* HomeTableViewController.swift */,
				538D7E1D20F747430058C9A4 /* TitleButton.swift */,
				538D7E1F20F88A440058C9A4 /* PopoverViewController.swift */,
				538D7E2020F88A440058C9A4 /* PopoverViewController.xib */,
				538D7E2320F8A2010058C9A4 /* PresentationController.swift */,
			);
			path = Home;
			sourceTree = "<group>";
		};
		53DFEF4B205A4DE5002D9BB0 /* Tools */ = {
			isa = PBXGroup;
			children = (
				538D7E1820F741AC0058C9A4 /* category */,
			);
			path = Tools;
			sourceTree = "<group>";
		};
		53DFEF4C205A4DE5002D9BB0 /* Discover */ = {
			isa = PBXGroup;
			children = (
				53DFEF55205A4F25002D9BB0 /* DiscoverTableViewController.swift */,
			);
			path = Discover;
			sourceTree = "<group>";
		};
		53DFEF4D205A4DE5002D9BB0 /* Compose */ = {
			isa = PBXGroup;
			children = (
			);
			path = Compose;
			sourceTree = "<group>";
		};
		53DFEF4E205A4DE5002D9BB0 /* Message */ = {
			isa = PBXGroup;
			children = (
				53DFEF57205A4F34002D9BB0 /* MessageTableViewController.swift */,
			);
			path = Message;
			sourceTree = "<group>";
		};
		53DFEF4F205A4DE5002D9BB0 /* Profile */ = {
			isa = PBXGroup;
			children = (
				53DFEF59205A4F40002D9BB0 /* ProfileTableViewController.swift */,
			);
			path = Profile;
			sourceTree = "<group>";
		};
		53DFEF50205A4DE5002D9BB0 /* Main */ = {
			isa = PBXGroup;
			children = (
				538D7E0D20F10C8C0058C9A4 /* vistor */,
				53DFEF51205A4ED1002D9BB0 /* MainViewController.swift */,
			);
			path = Main;
			sourceTree = "<group>";
		};
		53F8A8402059249D00EB13A4 = {
			isa = PBXGroup;
			children = (
				53F8A84B2059249D00EB13A4 /* SwiftWeibo */,
				53F8A8602059249E00EB13A4 /* SwiftWeiboTests */,
				53F8A86B2059249E00EB13A4 /* SwiftWeiboUITests */,
				53F8A84A2059249D00EB13A4 /* Products */,
				692549C908790AF78DA40B7C /* Pods */,
				1BB34E5613D8227D8DF696EC /* Frameworks */,
			);
			sourceTree = "<group>";
		};
		53F8A84A2059249D00EB13A4 /* Products */ = {
			isa = PBXGroup;
			children = (
				53F8A8492059249D00EB13A4 /* 新浪微博.app */,
				53F8A85D2059249E00EB13A4 /* SwiftWeiboTests.xctest */,
				53F8A8682059249E00EB13A4 /* SwiftWeiboUITests.xctest */,
			);
			name = Products;
			sourceTree = "<group>";
		};
		53F8A84B2059249D00EB13A4 /* SwiftWeibo */ = {
			isa = PBXGroup;
			children = (
				53657CD120EE05A40016363A /* Storyboard */,
				53DFEF49205A4DE5002D9BB0 /* Classes */,
				53F8A84C2059249E00EB13A4 /* AppDelegate.swift */,
				53F8A8532059249E00EB13A4 /* Assets.xcassets */,
				53657CC720ECC7C40016363A /* MainVCSettings.json */,
				53F8A8582059249E00EB13A4 /* Info.plist */,
			);
			path = SwiftWeibo;
			sourceTree = "<group>";
		};
		53F8A8602059249E00EB13A4 /* SwiftWeiboTests */ = {
			isa = PBXGroup;
			children = (
				53F8A8612059249E00EB13A4 /* SwiftWeiboTests.swift */,
				53F8A8632059249E00EB13A4 /* Info.plist */,
			);
			path = SwiftWeiboTests;
			sourceTree = "<group>";
		};
		53F8A86B2059249E00EB13A4 /* SwiftWeiboUITests */ = {
			isa = PBXGroup;
			children = (
				53F8A86C2059249E00EB13A4 /* SwiftWeiboUITests.swift */,
				53F8A86E2059249E00EB13A4 /* Info.plist */,
			);
			path = SwiftWeiboUITests;
			sourceTree = "<group>";
		};
		692549C908790AF78DA40B7C /* Pods */ = {
			isa = PBXGroup;
			children = (
				7874AD405D8BEC4BEC2E2AA3 /* Pods-SwiftWeibo.debug.xcconfig */,
				0AB1A05C53A84631477DA695 /* Pods-SwiftWeibo.release.xcconfig */,
			);
			name = Pods;
			sourceTree = "<group>";
		};
/* End PBXGroup section */

/* Begin PBXNativeTarget section */
		53F8A8482059249D00EB13A4 /* SwiftWeibo */ = {
			isa = PBXNativeTarget;
			buildConfigurationList = 53F8A8712059249E00EB13A4 /* Build configuration list for PBXNativeTarget "SwiftWeibo" */;
			buildPhases = (
				41E1675AFB817C8EDB2EE964 /* [CP] Check Pods Manifest.lock */,
				53F8A8452059249D00EB13A4 /* Sources */,
				53F8A8462059249D00EB13A4 /* Frameworks */,
				53F8A8472059249D00EB13A4 /* Resources */,
				5DEF5A7247E2823A10C5C1AD /* [CP] Embed Pods Frameworks */,
			);
			buildRules = (
			);
			dependencies = (
			);
			name = SwiftWeibo;
			productName = SwiftWeibo;
			productReference = 53F8A8492059249D00EB13A4 /* 新浪微博.app */;
			productType = "com.apple.product-type.application";
		};
		53F8A85C2059249E00EB13A4 /* SwiftWeiboTests */ = {
			isa = PBXNativeTarget;
			buildConfigurationList = 53F8A8742059249E00EB13A4 /* Build configuration list for PBXNativeTarget "SwiftWeiboTests" */;
			buildPhases = (
				53F8A8592059249E00EB13A4 /* Sources */,
				53F8A85A2059249E00EB13A4 /* Frameworks */,
				53F8A85B2059249E00EB13A4 /* Resources */,
			);
			buildRules = (
			);
			dependencies = (
				53F8A85F2059249E00EB13A4 /* PBXTargetDependency */,
			);
			name = SwiftWeiboTests;
			productName = SwiftWeiboTests;
			productReference = 53F8A85D2059249E00EB13A4 /* SwiftWeiboTests.xctest */;
			productType = "com.apple.product-type.bundle.unit-test";
		};
		53F8A8672059249E00EB13A4 /* SwiftWeiboUITests */ = {
			isa = PBXNativeTarget;
			buildConfigurationList = 53F8A8772059249E00EB13A4 /* Build configuration list for PBXNativeTarget "SwiftWeiboUITests" */;
			buildPhases = (
				53F8A8642059249E00EB13A4 /* Sources */,
				53F8A8652059249E00EB13A4 /* Frameworks */,
				53F8A8662059249E00EB13A4 /* Resources */,
			);
			buildRules = (
			);
			dependencies = (
				53F8A86A2059249E00EB13A4 /* PBXTargetDependency */,
			);
			name = SwiftWeiboUITests;
			productName = SwiftWeiboUITests;
			productReference = 53F8A8682059249E00EB13A4 /* SwiftWeiboUITests.xctest */;
			productType = "com.apple.product-type.bundle.ui-testing";
		};
/* End PBXNativeTarget section */

/* Begin PBXProject section */
		53F8A8412059249D00EB13A4 /* Project object */ = {
			isa = PBXProject;
			attributes = {
				LastSwiftUpdateCheck = 0920;
				LastUpgradeCheck = 0920;
				ORGANIZATIONNAME = Jackeylove;
				TargetAttributes = {
					53F8A8482059249D00EB13A4 = {
						CreatedOnToolsVersion = 9.2;
						ProvisioningStyle = Automatic;
					};
					53F8A85C2059249E00EB13A4 = {
						CreatedOnToolsVersion = 9.2;
						ProvisioningStyle = Automatic;
						TestTargetID = 53F8A8482059249D00EB13A4;
					};
					53F8A8672059249E00EB13A4 = {
						CreatedOnToolsVersion = 9.2;
						ProvisioningStyle = Automatic;
						TestTargetID = 53F8A8482059249D00EB13A4;
					};
				};
			};
			buildConfigurationList = 53F8A8442059249D00EB13A4 /* Build configuration list for PBXProject "SwiftWeibo" */;
			compatibilityVersion = "Xcode 8.0";
			developmentRegion = en;
			hasScannedForEncodings = 0;
			knownRegions = (
				en,
				Base,
			);
			mainGroup = 53F8A8402059249D00EB13A4;
			productRefGroup = 53F8A84A2059249D00EB13A4 /* Products */;
			projectDirPath = "";
			projectRoot = "";
			targets = (
				53F8A8482059249D00EB13A4 /* SwiftWeibo */,
				53F8A85C2059249E00EB13A4 /* SwiftWeiboTests */,
				53F8A8672059249E00EB13A4 /* SwiftWeiboUITests */,
			);
		};
/* End PBXProject section */

/* Begin PBXResourcesBuildPhase section */
		53F8A8472059249D00EB13A4 /* Resources */ = {
			isa = PBXResourcesBuildPhase;
			buildActionMask = 2147483647;
			files = (
				53657CC820ECC7C40016363A /* MainVCSettings.json in Resources */,
				53F8A8542059249E00EB13A4 /* Assets.xcassets in Resources */,
				53657CD720EE0B440016363A /* Message.storyboard in Resources */,
				53657CD320EE05D60016363A /* Main.storyboard in Resources */,
				538D7E2220F88A440058C9A4 /* PopoverViewController.xib in Resources */,
				53657CD520EE0B280016363A /* Home.storyboard in Resources */,
				53657CDB20EE0B8E0016363A /* Me.storyboard in Resources */,
				53657CDD20EE10230016363A /* Add.storyboard in Resources */,
				53657CD920EE0B5F0016363A /* Discovery.storyboard in Resources */,
				538D7E1520F247F30058C9A4 /* VisitorView.xib in Resources */,
			);
			runOnlyForDeploymentPostprocessing = 0;
		};
		53F8A85B2059249E00EB13A4 /* Resources */ = {
			isa = PBXResourcesBuildPhase;
			buildActionMask = 2147483647;
			files = (
			);
			runOnlyForDeploymentPostprocessing = 0;
		};
		53F8A8662059249E00EB13A4 /* Resources */ = {
			isa = PBXResourcesBuildPhase;
			buildActionMask = 2147483647;
			files = (
			);
			runOnlyForDeploymentPostprocessing = 0;
		};
/* End PBXResourcesBuildPhase section */

/* Begin PBXShellScriptBuildPhase section */
		41E1675AFB817C8EDB2EE964 /* [CP] Check Pods Manifest.lock */ = {
			isa = PBXShellScriptBuildPhase;
			buildActionMask = 2147483647;
			files = (
			);
			inputPaths = (
				"${PODS_PODFILE_DIR_PATH}/Podfile.lock",
				"${PODS_ROOT}/Manifest.lock",
			);
			name = "[CP] Check Pods Manifest.lock";
			outputPaths = (
				"$(DERIVED_FILE_DIR)/Pods-SwiftWeibo-checkManifestLockResult.txt",
			);
			runOnlyForDeploymentPostprocessing = 0;
			shellPath = /bin/sh;
			shellScript = "diff \"${PODS_PODFILE_DIR_PATH}/Podfile.lock\" \"${PODS_ROOT}/Manifest.lock\" > /dev/null\nif [ $? != 0 ] ; then\n    # print error to STDERR\n    echo \"error: The sandbox is not in sync with the Podfile.lock. Run 'pod install' or update your CocoaPods installation.\" >&2\n    exit 1\nfi\n# This output is used by Xcode 'outputs' to avoid re-running this script phase.\necho \"SUCCESS\" > \"${SCRIPT_OUTPUT_FILE_0}\"\n";
			showEnvVarsInLog = 0;
		};
		5DEF5A7247E2823A10C5C1AD /* [CP] Embed Pods Frameworks */ = {
			isa = PBXShellScriptBuildPhase;
			buildActionMask = 2147483647;
			files = (
			);
			inputPaths = (
				"${SRCROOT}/../Pods/Target Support Files/Pods-SwiftWeibo/Pods-SwiftWeibo-frameworks.sh",
				"${BUILT_PRODUCTS_DIR}/AFNetworking/AFNetworking.framework",
			);
			name = "[CP] Embed Pods Frameworks";
			outputPaths = (
				"${TARGET_BUILD_DIR}/${FRAMEWORKS_FOLDER_PATH}/AFNetworking.framework",
			);
			runOnlyForDeploymentPostprocessing = 0;
			shellPath = /bin/sh;
			shellScript = "\"${SRCROOT}/../Pods/Target Support Files/Pods-SwiftWeibo/Pods-SwiftWeibo-frameworks.sh\"\n";
			showEnvVarsInLog = 0;
		};
/* End PBXShellScriptBuildPhase section */

/* Begin PBXSourcesBuildPhase section */
		53F8A8452059249D00EB13A4 /* Sources */ = {
			isa = PBXSourcesBuildPhase;
			buildActionMask = 2147483647;
			files = (
				53DFEF5A205A4F40002D9BB0 /* ProfileTableViewController.swift in Sources */,
				53DFEF54205A4EEE002D9BB0 /* HomeTableViewController.swift in Sources */,
				53F8A84D2059249E00EB13A4 /* AppDelegate.swift in Sources */,
				538D7E0C20EF63BD0058C9A4 /* UIButton + Extension.swift in Sources */,
				538D7E2120F88A440058C9A4 /* PopoverViewController.swift in Sources */,
				538D7E1E20F747430058C9A4 /* TitleButton.swift in Sources */,
				538D7E1C20F743D20058C9A4 /* UIBarButtonItem + Extension.swift in Sources */,
				53DFEF58205A4F34002D9BB0 /* MessageTableViewController.swift in Sources */,
				538D7E1120F244840058C9A4 /* BaseViewController.swift in Sources */,
				538D7E2420F8A2010058C9A4 /* PresentationController.swift in Sources */,
				538D7E1720F2496E0058C9A4 /* VisitorView.swift in Sources */,
				53DFEF56205A4F25002D9BB0 /* DiscoverTableViewController.swift in Sources */,
				53DFEF52205A4ED1002D9BB0 /* MainViewController.swift in Sources */,
			);
			runOnlyForDeploymentPostprocessing = 0;
		};
		53F8A8592059249E00EB13A4 /* Sources */ = {
			isa = PBXSourcesBuildPhase;
			buildActionMask = 2147483647;
			files = (
				53F8A8622059249E00EB13A4 /* SwiftWeiboTests.swift in Sources */,
			);
			runOnlyForDeploymentPostprocessing = 0;
		};
		53F8A8642059249E00EB13A4 /* Sources */ = {
			isa = PBXSourcesBuildPhase;
			buildActionMask = 2147483647;
			files = (
				53F8A86D2059249E00EB13A4 /* SwiftWeiboUITests.swift in Sources */,
			);
			runOnlyForDeploymentPostprocessing = 0;
		};
/* End PBXSourcesBuildPhase section */

/* Begin PBXTargetDependency section */
		53F8A85F2059249E00EB13A4 /* PBXTargetDependency */ = {
			isa = PBXTargetDependency;
			target = 53F8A8482059249D00EB13A4 /* SwiftWeibo */;
			targetProxy = 53F8A85E2059249E00EB13A4 /* PBXContainerItemProxy */;
		};
		53F8A86A2059249E00EB13A4 /* PBXTargetDependency */ = {
			isa = PBXTargetDependency;
			target = 53F8A8482059249D00EB13A4 /* SwiftWeibo */;
			targetProxy = 53F8A8692059249E00EB13A4 /* PBXContainerItemProxy */;
		};
/* End PBXTargetDependency section */

/* Begin XCBuildConfiguration section */
		53F8A86F2059249E00EB13A4 /* Debug */ = {
			isa = XCBuildConfiguration;
			buildSettings = {
				ALWAYS_SEARCH_USER_PATHS = NO;
				CLANG_ANALYZER_NONNULL = YES;
				CLANG_ANALYZER_NUMBER_OBJECT_CONVERSION = YES_AGGRESSIVE;
				CLANG_CXX_LANGUAGE_STANDARD = "gnu++14";
				CLANG_CXX_LIBRARY = "libc++";
				CLANG_ENABLE_MODULES = YES;
				CLANG_ENABLE_OBJC_ARC = YES;
				CLANG_WARN_BLOCK_CAPTURE_AUTORELEASING = YES;
				CLANG_WARN_BOOL_CONVERSION = YES;
				CLANG_WARN_COMMA = YES;
				CLANG_WARN_CONSTANT_CONVERSION = YES;
				CLANG_WARN_DIRECT_OBJC_ISA_USAGE = YES_ERROR;
				CLANG_WARN_DOCUMENTATION_COMMENTS = YES;
				CLANG_WARN_EMPTY_BODY = YES;
				CLANG_WARN_ENUM_CONVERSION = YES;
				CLANG_WARN_INFINITE_RECURSION = YES;
				CLANG_WARN_INT_CONVERSION = YES;
				CLANG_WARN_NON_LITERAL_NULL_CONVERSION = YES;
				CLANG_WARN_OBJC_LITERAL_CONVERSION = YES;
				CLANG_WARN_OBJC_ROOT_CLASS = YES_ERROR;
				CLANG_WARN_RANGE_LOOP_ANALYSIS = YES;
				CLANG_WARN_STRICT_PROTOTYPES = YES;
				CLANG_WARN_SUSPICIOUS_MOVE = YES;
				CLANG_WARN_UNGUARDED_AVAILABILITY = YES_AGGRESSIVE;
				CLANG_WARN_UNREACHABLE_CODE = YES;
				CLANG_WARN__DUPLICATE_METHOD_MATCH = YES;
				CODE_SIGN_IDENTITY = "iPhone Developer";
				COPY_PHASE_STRIP = NO;
				DEBUG_INFORMATION_FORMAT = dwarf;
				ENABLE_STRICT_OBJC_MSGSEND = YES;
				ENABLE_TESTABILITY = YES;
				GCC_C_LANGUAGE_STANDARD = gnu11;
				GCC_DYNAMIC_NO_PIC = NO;
				GCC_NO_COMMON_BLOCKS = YES;
				GCC_OPTIMIZATION_LEVEL = 0;
				GCC_PREPROCESSOR_DEFINITIONS = (
					"DEBUG=1",
					"$(inherited)",
				);
				GCC_WARN_64_TO_32_BIT_CONVERSION = YES;
				GCC_WARN_ABOUT_RETURN_TYPE = YES_ERROR;
				GCC_WARN_UNDECLARED_SELECTOR = YES;
				GCC_WARN_UNINITIALIZED_AUTOS = YES_AGGRESSIVE;
				GCC_WARN_UNUSED_FUNCTION = YES;
				GCC_WARN_UNUSED_VARIABLE = YES;
				IPHONEOS_DEPLOYMENT_TARGET = 11.2;
				MTL_ENABLE_DEBUG_INFO = YES;
				ONLY_ACTIVE_ARCH = YES;
				SDKROOT = iphoneos;
				SWIFT_ACTIVE_COMPILATION_CONDITIONS = DEBUG;
				SWIFT_OPTIMIZATION_LEVEL = "-Onone";
			};
			name = Debug;
		};
		53F8A8702059249E00EB13A4 /* Release */ = {
			isa = XCBuildConfiguration;
			buildSettings = {
				ALWAYS_SEARCH_USER_PATHS = NO;
				CLANG_ANALYZER_NONNULL = YES;
				CLANG_ANALYZER_NUMBER_OBJECT_CONVERSION = YES_AGGRESSIVE;
				CLANG_CXX_LANGUAGE_STANDARD = "gnu++14";
				CLANG_CXX_LIBRARY = "libc++";
				CLANG_ENABLE_MODULES = YES;
				CLANG_ENABLE_OBJC_ARC = YES;
				CLANG_WARN_BLOCK_CAPTURE_AUTORELEASING = YES;
				CLANG_WARN_BOOL_CONVERSION = YES;
				CLANG_WARN_COMMA = YES;
				CLANG_WARN_CONSTANT_CONVERSION = YES;
				CLANG_WARN_DIRECT_OBJC_ISA_USAGE = YES_ERROR;
				CLANG_WARN_DOCUMENTATION_COMMENTS = YES;
				CLANG_WARN_EMPTY_BODY = YES;
				CLANG_WARN_ENUM_CONVERSION = YES;
				CLANG_WARN_INFINITE_RECURSION = YES;
				CLANG_WARN_INT_CONVERSION = YES;
				CLANG_WARN_NON_LITERAL_NULL_CONVERSION = YES;
				CLANG_WARN_OBJC_LITERAL_CONVERSION = YES;
				CLANG_WARN_OBJC_ROOT_CLASS = YES_ERROR;
				CLANG_WARN_RANGE_LOOP_ANALYSIS = YES;
				CLANG_WARN_STRICT_PROTOTYPES = YES;
				CLANG_WARN_SUSPICIOUS_MOVE = YES;
				CLANG_WARN_UNGUARDED_AVAILABILITY = YES_AGGRESSIVE;
				CLANG_WARN_UNREACHABLE_CODE = YES;
				CLANG_WARN__DUPLICATE_METHOD_MATCH = YES;
				CODE_SIGN_IDENTITY = "iPhone Developer";
				COPY_PHASE_STRIP = NO;
				DEBUG_INFORMATION_FORMAT = "dwarf-with-dsym";
				ENABLE_NS_ASSERTIONS = NO;
				ENABLE_STRICT_OBJC_MSGSEND = YES;
				GCC_C_LANGUAGE_STANDARD = gnu11;
				GCC_NO_COMMON_BLOCKS = YES;
				GCC_WARN_64_TO_32_BIT_CONVERSION = YES;
				GCC_WARN_ABOUT_RETURN_TYPE = YES_ERROR;
				GCC_WARN_UNDECLARED_SELECTOR = YES;
				GCC_WARN_UNINITIALIZED_AUTOS = YES_AGGRESSIVE;
				GCC_WARN_UNUSED_FUNCTION = YES;
				GCC_WARN_UNUSED_VARIABLE = YES;
				IPHONEOS_DEPLOYMENT_TARGET = 11.2;
				MTL_ENABLE_DEBUG_INFO = NO;
				SDKROOT = iphoneos;
				SWIFT_OPTIMIZATION_LEVEL = "-Owholemodule";
				VALIDATE_PRODUCT = YES;
			};
			name = Release;
		};
		53F8A8722059249E00EB13A4 /* Debug */ = {
			isa = XCBuildConfiguration;
			baseConfigurationReference = 7874AD405D8BEC4BEC2E2AA3 /* Pods-SwiftWeibo.debug.xcconfig */;
			buildSettings = {
				ASSETCATALOG_COMPILER_APPICON_NAME = AppIcon;
				ASSETCATALOG_COMPILER_LAUNCHIMAGE_NAME = LaunchImage;
				CODE_SIGN_STYLE = Automatic;
				DEVELOPMENT_TEAM = QT76YECB7N;
				INFOPLIST_FILE = SwiftWeibo/Info.plist;
				IPHONEOS_DEPLOYMENT_TARGET = 10;
				LD_RUNPATH_SEARCH_PATHS = "$(inherited) @executable_path/Frameworks";
				PRODUCT_BUNDLE_IDENTIFIER = com.Jackeylove.SwiftWeibo;
				PRODUCT_NAME = "新浪微博";
				SWIFT_VERSION = 4.0;
				TARGETED_DEVICE_FAMILY = "1,2";
			};
			name = Debug;
		};
		53F8A8732059249E00EB13A4 /* Release */ = {
			isa = XCBuildConfiguration;
			baseConfigurationReference = 0AB1A05C53A84631477DA695 /* Pods-SwiftWeibo.release.xcconfig */;
			buildSettings = {
				ASSETCATALOG_COMPILER_APPICON_NAME = AppIcon;
				ASSETCATALOG_COMPILER_LAUNCHIMAGE_NAME = LaunchImage;
				CODE_SIGN_STYLE = Automatic;
				DEVELOPMENT_TEAM = QT76YECB7N;
				INFOPLIST_FILE = SwiftWeibo/Info.plist;
				IPHONEOS_DEPLOYMENT_TARGET = 10;
				LD_RUNPATH_SEARCH_PATHS = "$(inherited) @executable_path/Frameworks";
				PRODUCT_BUNDLE_IDENTIFIER = com.Jackeylove.SwiftWeibo;
				PRODUCT_NAME = "新浪微博";
				SWIFT_VERSION = 4.0;
				TARGETED_DEVICE_FAMILY = "1,2";
			};
			name = Release;
		};
		53F8A8752059249E00EB13A4 /* Debug */ = {
			isa = XCBuildConfiguration;
			buildSettings = {
				ALWAYS_EMBED_SWIFT_STANDARD_LIBRARIES = YES;
				BUNDLE_LOADER = "$(TEST_HOST)";
				CODE_SIGN_STYLE = Automatic;
				DEVELOPMENT_TEAM = QT76YECB7N;
				INFOPLIST_FILE = SwiftWeiboTests/Info.plist;
				LD_RUNPATH_SEARCH_PATHS = "$(inherited) @executable_path/Frameworks @loader_path/Frameworks";
				PRODUCT_BUNDLE_IDENTIFIER = com.Jackeylove.SwiftWeiboTests;
				PRODUCT_NAME = "$(TARGET_NAME)";
				SWIFT_VERSION = 4.0;
				TARGETED_DEVICE_FAMILY = "1,2";
				TEST_HOST = "$(BUILT_PRODUCTS_DIR)/SwiftWeibo.app/SwiftWeibo";
			};
			name = Debug;
		};
		53F8A8762059249E00EB13A4 /* Release */ = {
			isa = XCBuildConfiguration;
			buildSettings = {
				ALWAYS_EMBED_SWIFT_STANDARD_LIBRARIES = YES;
				BUNDLE_LOADER = "$(TEST_HOST)";
				CODE_SIGN_STYLE = Automatic;
				DEVELOPMENT_TEAM = QT76YECB7N;
				INFOPLIST_FILE = SwiftWeiboTests/Info.plist;
				LD_RUNPATH_SEARCH_PATHS = "$(inherited) @executable_path/Frameworks @loader_path/Frameworks";
				PRODUCT_BUNDLE_IDENTIFIER = com.Jackeylove.SwiftWeiboTests;
				PRODUCT_NAME = "$(TARGET_NAME)";
				SWIFT_VERSION = 4.0;
				TARGETED_DEVICE_FAMILY = "1,2";
				TEST_HOST = "$(BUILT_PRODUCTS_DIR)/SwiftWeibo.app/SwiftWeibo";
			};
			name = Release;
		};
		53F8A8782059249E00EB13A4 /* Debug */ = {
			isa = XCBuildConfiguration;
			buildSettings = {
				ALWAYS_EMBED_SWIFT_STANDARD_LIBRARIES = YES;
				CODE_SIGN_STYLE = Automatic;
				DEVELOPMENT_TEAM = QT76YECB7N;
				INFOPLIST_FILE = SwiftWeiboUITests/Info.plist;
				LD_RUNPATH_SEARCH_PATHS = "$(inherited) @executable_path/Frameworks @loader_path/Frameworks";
				PRODUCT_BUNDLE_IDENTIFIER = com.Jackeylove.SwiftWeiboUITests;
				PRODUCT_NAME = "$(TARGET_NAME)";
				SWIFT_VERSION = 4.0;
				TARGETED_DEVICE_FAMILY = "1,2";
				TEST_TARGET_NAME = SwiftWeibo;
			};
			name = Debug;
		};
		53F8A8792059249E00EB13A4 /* Release */ = {
			isa = XCBuildConfiguration;
			buildSettings = {
				ALWAYS_EMBED_SWIFT_STANDARD_LIBRARIES = YES;
				CODE_SIGN_STYLE = Automatic;
				DEVELOPMENT_TEAM = QT76YECB7N;
				INFOPLIST_FILE = SwiftWeiboUITests/Info.plist;
				LD_RUNPATH_SEARCH_PATHS = "$(inherited) @executable_path/Frameworks @loader_path/Frameworks";
				PRODUCT_BUNDLE_IDENTIFIER = com.Jackeylove.SwiftWeiboUITests;
				PRODUCT_NAME = "$(TARGET_NAME)";
				SWIFT_VERSION = 4.0;
				TARGETED_DEVICE_FAMILY = "1,2";
				TEST_TARGET_NAME = SwiftWeibo;
			};
			name = Release;
		};
/* End XCBuildConfiguration section */

/* Begin XCConfigurationList section */
		53F8A8442059249D00EB13A4 /* Build configuration list for PBXProject "SwiftWeibo" */ = {
			isa = XCConfigurationList;
			buildConfigurations = (
				53F8A86F2059249E00EB13A4 /* Debug */,
				53F8A8702059249E00EB13A4 /* Release */,
			);
			defaultConfigurationIsVisible = 0;
			defaultConfigurationName = Release;
		};
		53F8A8712059249E00EB13A4 /* Build configuration list for PBXNativeTarget "SwiftWeibo" */ = {
			isa = XCConfigurationList;
			buildConfigurations = (
				53F8A8722059249E00EB13A4 /* Debug */,
				53F8A8732059249E00EB13A4 /* Release */,
			);
			defaultConfigurationIsVisible = 0;
			defaultConfigurationName = Release;
		};
		53F8A8742059249E00EB13A4 /* Build configuration list for PBXNativeTarget "SwiftWeiboTests" */ = {
			isa = XCConfigurationList;
			buildConfigurations = (
				53F8A8752059249E00EB13A4 /* Debug */,
				53F8A8762059249E00EB13A4 /* Release */,
			);
			defaultConfigurationIsVisible = 0;
			defaultConfigurationName = Release;
		};
		53F8A8772059249E00EB13A4 /* Build configuration list for PBXNativeTarget "SwiftWeiboUITests" */ = {
			isa = XCConfigurationList;
			buildConfigurations = (
				53F8A8782059249E00EB13A4 /* Debug */,
				53F8A8792059249E00EB13A4 /* Release */,
			);
			defaultConfigurationIsVisible = 0;
			defaultConfigurationName = Release;
		};
/* End XCConfigurationList section */
	};
	rootObject = 53F8A8412059249D00EB13A4 /* Project object */;
}
